// !$*UTF8*$!
{
	archiveVersion = 1;
	classes = {
	};
	objectVersion = 46;
	objects = {

/* Begin PBXBuildFile section */
		9B78B437198001670070907C /* AppDelegate.swift in Sources */ = {isa = PBXBuildFile; fileRef = 9B78B436198001670070907C /* AppDelegate.swift */; };
		9B78B43A198001670070907C /* MMHS_FavoriteCities.xcdatamodeld in Sources */ = {isa = PBXBuildFile; fileRef = 9B78B438198001670070907C /* MMHS_FavoriteCities.xcdatamodeld */; };
		9B78B43C198001670070907C /* ViewController.swift in Sources */ = {isa = PBXBuildFile; fileRef = 9B78B43B198001670070907C /* ViewController.swift */; };
		9B78B43F198001670070907C /* Main.storyboard in Resources */ = {isa = PBXBuildFile; fileRef = 9B78B43D198001670070907C /* Main.storyboard */; };
		9B78B441198001670070907C /* Images.xcassets in Resources */ = {isa = PBXBuildFile; fileRef = 9B78B440198001670070907C /* Images.xcassets */; };
		9B78B44D198001670070907C /* MMHS_FavoriteCitiesTests.swift in Sources */ = {isa = PBXBuildFile; fileRef = 9B78B44C198001670070907C /* MMHS_FavoriteCitiesTests.swift */; };
		9B78B457198001E30070907C /* MapViewController.swift in Sources */ = {isa = PBXBuildFile; fileRef = 9B78B456198001E30070907C /* MapViewController.swift */; };
		9B78B459198002CC0070907C /* MapKit.framework in Frameworks */ = {isa = PBXBuildFile; fileRef = 9B78B458198002CC0070907C /* MapKit.framework */; };
/* End PBXBuildFile section */

/* Begin PBXContainerItemProxy section */
		9B78B447198001670070907C /* PBXContainerItemProxy */ = {
			isa = PBXContainerItemProxy;
			containerPortal = 9B78B429198001670070907C /* Project object */;
			proxyType = 1;
			remoteGlobalIDString = 9B78B430198001670070907C;
			remoteInfo = MMHS_FavoriteCities;
		};
/* End PBXContainerItemProxy section */

/* Begin PBXFileReference section */
		9B78B431198001670070907C /* MMHS_FavoriteCities.app */ = {isa = PBXFileReference; explicitFileType = wrapper.application; includeInIndex = 0; path = MMHS_FavoriteCities.app; sourceTree = BUILT_PRODUCTS_DIR; };
		9B78B435198001670070907C /* Info.plist */ = {isa = PBXFileReference; lastKnownFileType = text.plist.xml; path = Info.plist; sourceTree = "<group>"; };
		9B78B436198001670070907C /* AppDelegate.swift */ = {isa = PBXFileReference; lastKnownFileType = sourcecode.swift; path = AppDelegate.swift; sourceTree = "<group>"; };
		9B78B439198001670070907C /* MMHS_FavoriteCities.xcdatamodel */ = {isa = PBXFileReference; lastKnownFileType = wrapper.xcdatamodel; path = MMHS_FavoriteCities.xcdatamodel; sourceTree = "<group>"; };
		9B78B43B198001670070907C /* ViewController.swift */ = {isa = PBXFileReference; lastKnownFileType = sourcecode.swift; path = ViewController.swift; sourceTree = "<group>"; };
		9B78B43E198001670070907C /* Base */ = {isa = PBXFileReference; lastKnownFileType = file.storyboard; name = Base; path = Base.lproj/Main.storyboard; sourceTree = "<group>"; };
		9B78B440198001670070907C /* Images.xcassets */ = {isa = PBXFileReference; lastKnownFileType = folder.assetcatalog; path = Images.xcassets; sourceTree = "<group>"; };
		9B78B446198001670070907C /* MMHS_FavoriteCitiesTests.xctest */ = {isa = PBXFileReference; explicitFileType = wrapper.cfbundle; includeInIndex = 0; path = MMHS_FavoriteCitiesTests.xctest; sourceTree = BUILT_PRODUCTS_DIR; };
		9B78B44B198001670070907C /* Info.plist */ = {isa = PBXFileReference; lastKnownFileType = text.plist.xml; path = Info.plist; sourceTree = "<group>"; };
		9B78B44C198001670070907C /* MMHS_FavoriteCitiesTests.swift */ = {isa = PBXFileReference; lastKnownFileType = sourcecode.swift; path = MMHS_FavoriteCitiesTests.swift; sourceTree = "<group>"; };
		9B78B456198001E30070907C /* MapViewController.swift */ = {isa = PBXFileReference; fileEncoding = 4; lastKnownFileType = sourcecode.swift; name = MapViewController.swift; path = ../MapViewController.swift; sourceTree = "<group>"; };
		9B78B458198002CC0070907C /* MapKit.framework */ = {isa = PBXFileReference; lastKnownFileType = wrapper.framework; name = MapKit.framework; path = System/Library/Frameworks/MapKit.framework; sourceTree = SDKROOT; };
/* End PBXFileReference section */

/* Begin PBXFrameworksBuildPhase section */
		9B78B42E198001670070907C /* Frameworks */ = {
			isa = PBXFrameworksBuildPhase;
			buildActionMask = 2147483647;
			files = (
				9B78B459198002CC0070907C /* MapKit.framework in Frameworks */,
			);
			runOnlyForDeploymentPostprocessing = 0;
		};
		9B78B443198001670070907C /* Frameworks */ = {
			isa = PBXFrameworksBuildPhase;
			buildActionMask = 2147483647;
			files = (
			);
			runOnlyForDeploymentPostprocessing = 0;
		};
/* End PBXFrameworksBuildPhase section */

/* Begin PBXGroup section */
		9B78B428198001670070907C = {
			isa = PBXGroup;
			children = (
				9B78B458198002CC0070907C /* MapKit.framework */,
				9B78B433198001670070907C /* MMHS_FavoriteCities */,
				9B78B449198001670070907C /* MMHS_FavoriteCitiesTests */,
				9B78B432198001670070907C /* Products */,
			);
			sourceTree = "<group>";
		};
		9B78B432198001670070907C /* Products */ = {
			isa = PBXGroup;
			children = (
				9B78B431198001670070907C /* MMHS_FavoriteCities.app */,
				9B78B446198001670070907C /* MMHS_FavoriteCitiesTests.xctest */,
			);
			name = Products;
			sourceTree = "<group>";
		};
		9B78B433198001670070907C /* MMHS_FavoriteCities */ = {
			isa = PBXGroup;
			children = (
				9B78B436198001670070907C /* AppDelegate.swift */,
				9B78B43B198001670070907C /* ViewController.swift */,
				9B78B456198001E30070907C /* MapViewController.swift */,
				9B78B43D198001670070907C /* Main.storyboard */,
				9B78B440198001670070907C /* Images.xcassets */,
				9B78B438198001670070907C /* MMHS_FavoriteCities.xcdatamodeld */,
				9B78B434198001670070907C /* Supporting Files */,
			);
			path = MMHS_FavoriteCities;
			sourceTree = "<group>";
		};
		9B78B434198001670070907C /* Supporting Files */ = {
			isa = PBXGroup;
			children = (
				9B78B435198001670070907C /* Info.plist */,
			);
			name = "Supporting Files";
			sourceTree = "<group>";
		};
		9B78B449198001670070907C /* MMHS_FavoriteCitiesTests */ = {
			isa = PBXGroup;
			children = (
				9B78B44C198001670070907C /* MMHS_FavoriteCitiesTests.swift */,
				9B78B44A198001670070907C /* Supporting Files */,
			);
			path = MMHS_FavoriteCitiesTests;
			sourceTree = "<group>";
		};
		9B78B44A198001670070907C /* Supporting Files */ = {
			isa = PBXGroup;
			children = (
				9B78B44B198001670070907C /* Info.plist */,
			);
			name = "Supporting Files";
			sourceTree = "<group>";
		};
/* End PBXGroup section */

/* Begin PBXNativeTarget section */
		9B78B430198001670070907C /* MMHS_FavoriteCities */ = {
			isa = PBXNativeTarget;
			buildConfigurationList = 9B78B450198001670070907C /* Build configuration list for PBXNativeTarget "MMHS_FavoriteCities" */;
			buildPhases = (
				9B78B42D198001670070907C /* Sources */,
				9B78B42E198001670070907C /* Frameworks */,
				9B78B42F198001670070907C /* Resources */,
			);
			buildRules = (
			);
			dependencies = (
			);
			name = MMHS_FavoriteCities;
			productName = MMHS_FavoriteCities;
			productReference = 9B78B431198001670070907C /* MMHS_FavoriteCities.app */;
			productType = "com.apple.product-type.application";
		};
		9B78B445198001670070907C /* MMHS_FavoriteCitiesTests */ = {
			isa = PBXNativeTarget;
			buildConfigurationList = 9B78B453198001670070907C /* Build configuration list for PBXNativeTarget "MMHS_FavoriteCitiesTests" */;
			buildPhases = (
				9B78B442198001670070907C /* Sources */,
				9B78B443198001670070907C /* Frameworks */,
				9B78B444198001670070907C /* Resources */,
			);
			buildRules = (
			);
			dependencies = (
				9B78B448198001670070907C /* PBXTargetDependency */,
			);
			name = MMHS_FavoriteCitiesTests;
			productName = MMHS_FavoriteCitiesTests;
			productReference = 9B78B446198001670070907C /* MMHS_FavoriteCitiesTests.xctest */;
			productType = "com.apple.product-type.bundle.unit-test";
		};
/* End PBXNativeTarget section */

/* Begin PBXProject section */
		9B78B429198001670070907C /* Project object */ = {
			isa = PBXProject;
			attributes = {
				LastUpgradeCheck = 0600;
				ORGANIZATIONNAME = "Mobile Makers";
				TargetAttributes = {
					9B78B430198001670070907C = {
						CreatedOnToolsVersion = 6.0;
					};
					9B78B445198001670070907C = {
						CreatedOnToolsVersion = 6.0;
						TestTargetID = 9B78B430198001670070907C;
					};
				};
			};
			buildConfigurationList = 9B78B42C198001670070907C /* Build configuration list for PBXProject "MMHS_FavoriteCities" */;
			compatibilityVersion = "Xcode 3.2";
			developmentRegion = English;
			hasScannedForEncodings = 0;
			knownRegions = (
				en,
				Base,
			);
			mainGroup = 9B78B428198001670070907C;
			productRefGroup = 9B78B432198001670070907C /* Products */;
			projectDirPath = "";
			projectRoot = "";
			targets = (
				9B78B430198001670070907C /* MMHS_FavoriteCities */,
				9B78B445198001670070907C /* MMHS_FavoriteCitiesTests */,
			);
		};
/* End PBXProject section */

/* Begin PBXResourcesBuildPhase section */
		9B78B42F198001670070907C /* Resources */ = {
			isa = PBXResourcesBuildPhase;
			buildActionMask = 2147483647;
			files = (
				9B78B43F198001670070907C /* Main.storyboard in Resources */,
				9B78B441198001670070907C /* Images.xcassets in Resources */,
			);
			runOnlyForDeploymentPostprocessing = 0;
		};
		9B78B444198001670070907C /* Resources */ = {
			isa = PBXResourcesBuildPhase;
			buildActionMask = 2147483647;
			files = (
			);
			runOnlyForDeploymentPostprocessing = 0;
		};
/* End PBXResourcesBuildPhase section */

/* Begin PBXSourcesBuildPhase section */
		9B78B42D198001670070907C /* Sources */ = {
			isa = PBXSourcesBuildPhase;
			buildActionMask = 2147483647;
			files = (
				9B78B43C198001670070907C /* ViewController.swift in Sources */,
				9B78B43A198001670070907C /* MMHS_FavoriteCities.xcdatamodeld in Sources */,
				9B78B437198001670070907C /* AppDelegate.swift in Sources */,
				9B78B457198001E30070907C /* MapViewController.swift in Sources */,
			);
			runOnlyForDeploymentPostprocessing = 0;
		};
		9B78B442198001670070907C /* Sources */ = {
			isa = PBXSourcesBuildPhase;
			buildActionMask = 2147483647;
			files = (
				9B78B44D198001670070907C /* MMHS_FavoriteCitiesTests.swift in Sources */,
			);
			runOnlyForDeploymentPostprocessing = 0;
		};
/* End PBXSourcesBuildPhase section */

/* Begin PBXTargetDependency section */
		9B78B448198001670070907C /* PBXTargetDependency */ = {
			isa = PBXTargetDependency;
			target = 9B78B430198001670070907C /* MMHS_FavoriteCities */;
			targetProxy = 9B78B447198001670070907C /* PBXContainerItemProxy */;
		};
/* End PBXTargetDependency section */

/* Begin PBXVariantGroup section */
		9B78B43D198001670070907C /* Main.storyboard */ = {
			isa = PBXVariantGroup;
			children = (
				9B78B43E198001670070907C /* Base */,
			);
			name = Main.storyboard;
			sourceTree = "<group>";
		};
/* End PBXVariantGroup section */

/* Begin XCBuildConfiguration section */
		9B78B44E198001670070907C /* Debug */ = {
			isa = XCBuildConfiguration;
			buildSettings = {
				ALWAYS_SEARCH_USER_PATHS = NO;
				CLANG_CXX_LANGUAGE_STANDARD = "gnu++0x";
				CLANG_CXX_LIBRARY = "libc++";
				CLANG_ENABLE_MODULES = YES;
				CLANG_ENABLE_OBJC_ARC = YES;
				CLANG_WARN_BOOL_CONVERSION = YES;
				CLANG_WARN_CONSTANT_CONVERSION = YES;
				CLANG_WARN_DIRECT_OBJC_ISA_USAGE = YES_ERROR;
				CLANG_WARN_EMPTY_BODY = YES;
				CLANG_WARN_ENUM_CONVERSION = YES;
				CLANG_WARN_INT_CONVERSION = YES;
				CLANG_WARN_OBJC_ROOT_CLASS = YES_ERROR;
				CLANG_WARN_UNREACHABLE_CODE = YES;
				CLANG_WARN__DUPLICATE_METHOD_MATCH = YES;
				"CODE_SIGN_IDENTITY[sdk=iphoneos*]" = "iPhone Developer";
				COPY_PHASE_STRIP = NO;
				ENABLE_STRICT_OBJC_MSGSEND = YES;
				GCC_C_LANGUAGE_STANDARD = gnu99;
				GCC_DYNAMIC_NO_PIC = NO;
				GCC_OPTIMIZATION_LEVEL = 0;
				GCC_PREPROCESSOR_DEFINITIONS = (
					"DEBUG=1",
					"$(inherited)",
				);
				GCC_SYMBOLS_PRIVATE_EXTERN = NO;
				GCC_WARN_64_TO_32_BIT_CONVERSION = YES;
				GCC_WARN_ABOUT_RETURN_TYPE = YES_ERROR;
				GCC_WARN_UNDECLARED_SELECTOR = YES;
				GCC_WARN_UNINITIALIZED_AUTOS = YES_AGGRESSIVE;
				GCC_WARN_UNUSED_FUNCTION = YES;
				GCC_WARN_UNUSED_VARIABLE = YES;
				IPHONEOS_DEPLOYMENT_TARGET = 8.0;
				MTL_ENABLE_DEBUG_INFO = YES;
				ONLY_ACTIVE_ARCH = YES;
				SDKROOT = iphoneos;
				SWIFT_OPTIMIZATION_LEVEL = "-Onone";
				TARGETED_DEVICE_FAMILY = "1,2";
			};
			name = Debug;
		};
		9B78B44F198001670070907C /* Release */ = {
			isa = XCBuildConfiguration;
			buildSettings = {
				ALWAYS_SEARCH_USER_PATHS = NO;
				CLANG_CXX_LANGUAGE_STANDARD = "gnu++0x";
				CLANG_CXX_LIBRARY = "libc++";
				CLANG_ENABLE_MODULES = YES;
				CLANG_ENABLE_OBJC_ARC = YES;
				CLANG_WARN_BOOL_CONVERSION = YES;
				CLANG_WARN_CONSTANT_CONVERSION = YES;
				CLANG_WARN_DIRECT_OBJC_ISA_USAGE = YES_ERROR;
				CLANG_WARN_EMPTY_BODY = YES;
				CLANG_WARN_ENUM_CONVERSION = YES;
				CLANG_WARN_INT_CONVERSION = YES;
				CLANG_WARN_OBJC_ROOT_CLASS = YES_ERROR;
				CLANG_WARN_UNREACHABLE_CODE = YES;
				CLANG_WARN__DUPLICATE_METHOD_MATCH = YES;
				"CODE_SIGN_IDENTITY[sdk=iphoneos*]" = "iPhone Developer";
				COPY_PHASE_STRIP = YES;
				ENABLE_NS_ASSERTIONS = NO;
				ENABLE_STRICT_OBJC_MSGSEND = YES;
				GCC_C_LANGUAGE_STANDARD = gnu99;
				GCC_WARN_64_TO_32_BIT_CONVERSION = YES;
				GCC_WARN_ABOUT_RETURN_TYPE = YES_ERROR;
				GCC_WARN_UNDECLARED_SELECTOR = YES;
				GCC_WARN_UNINITIALIZED_AUTOS = YES_AGGRESSIVE;
				GCC_WARN_UNUSED_FUNCTION = YES;
				GCC_WARN_UNUSED_VARIABLE = YES;
				IPHONEOS_DEPLOYMENT_TARGET = 8.0;
				MTL_ENABLE_DEBUG_INFO = NO;
				SDKROOT = iphoneos;
				TARGETED_DEVICE_FAMILY = "1,2";
				VALIDATE_PRODUCT = YES;
			};
			name = Release;
		};
		9B78B451198001670070907C /* Debug */ = {
			isa = XCBuildConfiguration;
			buildSettings = {
				ASSETCATALOG_COMPILER_APPICON_NAME = AppIcon;
				ASSETCATALOG_COMPILER_LAUNCHIMAGE_NAME = LaunchImage;
				INFOPLIST_FILE = MMHS_FavoriteCities/Info.plist;
				LD_RUNPATH_SEARCH_PATHS = "$(inherited) @executable_path/Frameworks";
				PRODUCT_NAME = "$(TARGET_NAME)";
			};
			name = Debug;
		};
		9B78B452198001670070907C /* Release */ = {
			isa = XCBuildConfiguration;
			buildSettings = {
				ASSETCATALOG_COMPILER_APPICON_NAME = AppIcon;
				ASSETCATALOG_COMPILER_LAUNCHIMAGE_NAME = LaunchImage;
				INFOPLIST_FILE = MMHS_FavoriteCities/Info.plist;
				LD_RUNPATH_SEARCH_PATHS = "$(inherited) @executable_path/Frameworks";
				PRODUCT_NAME = "$(TARGET_NAME)";
			};
			name = Release;
		};
		9B78B454198001670070907C /* Debug */ = {
			isa = XCBuildConfiguration;
			buildSettings = {
				BUNDLE_LOADER = "$(BUILT_PRODUCTS_DIR)/MMHS_FavoriteCities.app/MMHS_FavoriteCities";
				FRAMEWORK_SEARCH_PATHS = (
					"$(SDKROOT)/Developer/Library/Frameworks",
					"$(inherited)",
				);
				GCC_PREPROCESSOR_DEFINITIONS = (
					"DEBUG=1",
					"$(inherited)",
				);
				INFOPLIST_FILE = MMHS_FavoriteCitiesTests/Info.plist;
				LD_RUNPATH_SEARCH_PATHS = "$(inherited) @executable_path/Frameworks @loader_path/Frameworks";
				PRODUCT_NAME = "$(TARGET_NAME)";
				TEST_HOST = "$(BUNDLE_LOADER)";
			};
			name = Debug;
		};
		9B78B455198001670070907C /* Release */ = {
			isa = XCBuildConfiguration;
			buildSettings = {
				BUNDLE_LOADER = "$(BUILT_PRODUCTS_DIR)/MMHS_FavoriteCities.app/MMHS_FavoriteCities";
				FRAMEWORK_SEARCH_PATHS = (
					"$(SDKROOT)/Developer/Library/Frameworks",
					"$(inherited)",
				);
				INFOPLIST_FILE = MMHS_FavoriteCitiesTests/Info.plist;
				LD_RUNPATH_SEARCH_PATHS = "$(inherited) @executable_path/Frameworks @loader_path/Frameworks";
				PRODUCT_NAME = "$(TARGET_NAME)";
				TEST_HOST = "$(BUNDLE_LOADER)";
			};
			name = Release;
		};
/* End XCBuildConfiguration section */

/* Begin XCConfigurationList section */
		9B78B42C198001670070907C /* Build configuration list for PBXProject "MMHS_FavoriteCities" */ = {
			isa = XCConfigurationList;
			buildConfigurations = (
				9B78B44E198001670070907C /* Debug */,
				9B78B44F198001670070907C /* Release */,
			);
			defaultConfigurationIsVisible = 0;
			defaultConfigurationName = Release;
		};
		9B78B450198001670070907C /* Build configuration list for PBXNativeTarget "MMHS_FavoriteCities" */ = {
			isa = XCConfigurationList;
			buildConfigurations = (
				9B78B451198001670070907C /* Debug */,
				9B78B452198001670070907C /* Release */,
			);
			defaultConfigurationIsVisible = 0;
		};
		9B78B453198001670070907C /* Build configuration list for PBXNativeTarget "MMHS_FavoriteCitiesTests" */ = {
			isa = XCConfigurationList;
			buildConfigurations = (
				9B78B454198001670070907C /* Debug */,
				9B78B455198001670070907C /* Release */,
			);
			defaultConfigurationIsVisible = 0;
		};
/* End XCConfigurationList section */

/* Begin XCVersionGroup section */
		9B78B438198001670070907C /* MMHS_FavoriteCities.xcdatamodeld */ = {
			isa = XCVersionGroup;
			children = (
				9B78B439198001670070907C /* MMHS_FavoriteCities.xcdatamodel */,
			);
			currentVersion = 9B78B439198001670070907C /* MMHS_FavoriteCities.xcdatamodel */;
			path = MMHS_FavoriteCities.xcdatamodeld;
			sourceTree = "<group>";
			versionGroupType = wrapper.xcdatamodel;
		};
/* End XCVersionGroup section */
	};
	rootObject = 9B78B429198001670070907C /* Project object */;
}
